
Microsoft Visual Studio Solution File, Format Version 12.00
Project("{2150E333-8FDC-42A3-9474-1A3956D46DE8}") = "Services", "Services", "{9875271A-16EB-4AE0-A410-FC53D4F06063}"
EndProject
Project("{2150E333-8FDC-42A3-9474-1A3956D46DE8}") = "Catalog", "Catalog", "{460F2718-60EF-4CF3-9C0E-0058FD45C3CB}"
EndProject
Project("{FAE04EC0-301F-11D3-BF4B-00C04F79EFBC}") = "Catalog.API", "Services\Catalog\Catalog.API\Catalog.API.csproj", "{C05AAC58-F450-44BA-B90B-927772A23F72}"
EndProject
Project("{2150E333-8FDC-42A3-9474-1A3956D46DE8}") = "Solution Items", "Solution Items", "{974CAF1B-5E95-4CDA-8724-4DF2C3D71884}"
	ProjectSection(SolutionItems) = preProject
		docker-compose.yml = docker-compose.yml
		docker-compose.override.yml = docker-compose.override.yml
	EndProjectSection
EndProject
Project("{2150E333-8FDC-42A3-9474-1A3956D46DE8}") = "BuildingBlocks", "BuildingBlocks", "{8318327D-D173-4D6C-A58D-9D4B69D8B8F6}"
EndProject
Project("{FAE04EC0-301F-11D3-BF4B-00C04F79EFBC}") = "BuildingBlocks", "BuildingBlocks\BuildingBlocks\BuildingBlocks.csproj", "{C0A6D9F2-04A4-4116-87DD-32AD1FC59203}"
EndProject
Project("{2150E333-8FDC-42A3-9474-1A3956D46DE8}") = "ssl-certs", "ssl-certs", "{6AA0C77E-805E-4E5A-8CE6-F87EF7B206C0}"
EndProject
Project("{2150E333-8FDC-42A3-9474-1A3956D46DE8}") = "Basket", "Basket", "{191AAF92-39CA-4EB5-AD5D-4EF09BFFE5DA}"
EndProject
Project("{FAE04EC0-301F-11D3-BF4B-00C04F79EFBC}") = "Basket.API", "Services\Basket\Basket.API\Basket.API.csproj", "{AC29F190-61A6-4E23-B708-46C0DD4B2249}"
EndProject
Project("{2150E333-8FDC-42A3-9474-1A3956D46DE8}") = "Discount", "Discount", "{4473F448-823A-4A85-BA6E-1AC1AB05AA09}"
EndProject
Project("{FAE04EC0-301F-11D3-BF4B-00C04F79EFBC}") = "Discount.Grpc", "Services\Discount\Discount.Grpc\Discount.Grpc.csproj", "{5B5E1FF8-9828-4F76-8CD6-1CE190320B25}"
EndProject
Project("{2150E333-8FDC-42A3-9474-1A3956D46DE8}") = "Ordering", "Ordering", "{5E162A21-3384-47F0-861C-1E2CCF91445B}"
EndProject
Project("{FAE04EC0-301F-11D3-BF4B-00C04F79EFBC}") = "Ordering.API", "Services\Ordering\Ordering.API\Ordering.API.csproj", "{AD36E9E2-C1CE-4D9B-8233-A27F31EBF63F}"
EndProject
Project("{FAE04EC0-301F-11D3-BF4B-00C04F79EFBC}") = "Ordering.Domain", "Services\Ordering\Ordering.Domain\Ordering.Domain.csproj", "{D83B05BC-D4A2-491B-85A7-8B38542A09F0}"
EndProject
Project("{FAE04EC0-301F-11D3-BF4B-00C04F79EFBC}") = "Ordering.Application", "Services\Ordering\Ordering.Application\Ordering.Application.csproj", "{74D9F769-FE82-4ED6-9305-620FC62EC5A3}"
EndProject
Project("{FAE04EC0-301F-11D3-BF4B-00C04F79EFBC}") = "Ordering.Infrastructure", "Services\Ordering\Ordering.Infrastructure\Ordering.Infrastructure.csproj", "{4192C11A-27AD-4E27-A5C3-1B9E10332880}"
EndProject
Global
	GlobalSection(SolutionConfigurationPlatforms) = preSolution
		Debug|Any CPU = Debug|Any CPU
		Release|Any CPU = Release|Any CPU
	EndGlobalSection
	GlobalSection(NestedProjects) = preSolution
		{460F2718-60EF-4CF3-9C0E-0058FD45C3CB} = {9875271A-16EB-4AE0-A410-FC53D4F06063}
		{C05AAC58-F450-44BA-B90B-927772A23F72} = {460F2718-60EF-4CF3-9C0E-0058FD45C3CB}
		{C0A6D9F2-04A4-4116-87DD-32AD1FC59203} = {8318327D-D173-4D6C-A58D-9D4B69D8B8F6}
		{191AAF92-39CA-4EB5-AD5D-4EF09BFFE5DA} = {9875271A-16EB-4AE0-A410-FC53D4F06063}
		{AC29F190-61A6-4E23-B708-46C0DD4B2249} = {191AAF92-39CA-4EB5-AD5D-4EF09BFFE5DA}
		{4473F448-823A-4A85-BA6E-1AC1AB05AA09} = {9875271A-16EB-4AE0-A410-FC53D4F06063}
		{5B5E1FF8-9828-4F76-8CD6-1CE190320B25} = {4473F448-823A-4A85-BA6E-1AC1AB05AA09}
		{5E162A21-3384-47F0-861C-1E2CCF91445B} = {9875271A-16EB-4AE0-A410-FC53D4F06063}
		{AD36E9E2-C1CE-4D9B-8233-A27F31EBF63F} = {5E162A21-3384-47F0-861C-1E2CCF91445B}
		{D83B05BC-D4A2-491B-85A7-8B38542A09F0} = {5E162A21-3384-47F0-861C-1E2CCF91445B}
		{74D9F769-FE82-4ED6-9305-620FC62EC5A3} = {5E162A21-3384-47F0-861C-1E2CCF91445B}
		{4192C11A-27AD-4E27-A5C3-1B9E10332880} = {5E162A21-3384-47F0-861C-1E2CCF91445B}
	EndGlobalSection
	GlobalSection(ProjectConfigurationPlatforms) = postSolution
		{C05AAC58-F450-44BA-B90B-927772A23F72}.Debug|Any CPU.ActiveCfg = Debug|Any CPU
		{C05AAC58-F450-44BA-B90B-927772A23F72}.Debug|Any CPU.Build.0 = Debug|Any CPU
		{C05AAC58-F450-44BA-B90B-927772A23F72}.Release|Any CPU.ActiveCfg = Release|Any CPU
		{C05AAC58-F450-44BA-B90B-927772A23F72}.Release|Any CPU.Build.0 = Release|Any CPU
		{C0A6D9F2-04A4-4116-87DD-32AD1FC59203}.Debug|Any CPU.ActiveCfg = Debug|Any CPU
		{C0A6D9F2-04A4-4116-87DD-32AD1FC59203}.Debug|Any CPU.Build.0 = Debug|Any CPU
		{C0A6D9F2-04A4-4116-87DD-32AD1FC59203}.Release|Any CPU.ActiveCfg = Release|Any CPU
		{C0A6D9F2-04A4-4116-87DD-32AD1FC59203}.Release|Any CPU.Build.0 = Release|Any CPU
		{AC29F190-61A6-4E23-B708-46C0DD4B2249}.Debug|Any CPU.ActiveCfg = Debug|Any CPU
		{AC29F190-61A6-4E23-B708-46C0DD4B2249}.Debug|Any CPU.Build.0 = Debug|Any CPU
		{AC29F190-61A6-4E23-B708-46C0DD4B2249}.Release|Any CPU.ActiveCfg = Release|Any CPU
		{AC29F190-61A6-4E23-B708-46C0DD4B2249}.Release|Any CPU.Build.0 = Release|Any CPU
		{5B5E1FF8-9828-4F76-8CD6-1CE190320B25}.Debug|Any CPU.ActiveCfg = Debug|Any CPU
		{5B5E1FF8-9828-4F76-8CD6-1CE190320B25}.Debug|Any CPU.Build.0 = Debug|Any CPU
		{5B5E1FF8-9828-4F76-8CD6-1CE190320B25}.Release|Any CPU.ActiveCfg = Release|Any CPU
		{5B5E1FF8-9828-4F76-8CD6-1CE190320B25}.Release|Any CPU.Build.0 = Release|Any CPU
		{AD36E9E2-C1CE-4D9B-8233-A27F31EBF63F}.Debug|Any CPU.ActiveCfg = Debug|Any CPU
		{AD36E9E2-C1CE-4D9B-8233-A27F31EBF63F}.Debug|Any CPU.Build.0 = Debug|Any CPU
		{AD36E9E2-C1CE-4D9B-8233-A27F31EBF63F}.Release|Any CPU.ActiveCfg = Release|Any CPU
		{AD36E9E2-C1CE-4D9B-8233-A27F31EBF63F}.Release|Any CPU.Build.0 = Release|Any CPU
		{D83B05BC-D4A2-491B-85A7-8B38542A09F0}.Debug|Any CPU.ActiveCfg = Debug|Any CPU
		{D83B05BC-D4A2-491B-85A7-8B38542A09F0}.Debug|Any CPU.Build.0 = Debug|Any CPU
		{D83B05BC-D4A2-491B-85A7-8B38542A09F0}.Release|Any CPU.ActiveCfg = Release|Any CPU
		{D83B05BC-D4A2-491B-85A7-8B38542A09F0}.Release|Any CPU.Build.0 = Release|Any CPU
		{74D9F769-FE82-4ED6-9305-620FC62EC5A3}.Debug|Any CPU.ActiveCfg = Debug|Any CPU
		{74D9F769-FE82-4ED6-9305-620FC62EC5A3}.Debug|Any CPU.Build.0 = Debug|Any CPU
		{74D9F769-FE82-4ED6-9305-620FC62EC5A3}.Release|Any CPU.ActiveCfg = Release|Any CPU
		{74D9F769-FE82-4ED6-9305-620FC62EC5A3}.Release|Any CPU.Build.0 = Release|Any CPU
		{4192C11A-27AD-4E27-A5C3-1B9E10332880}.Debug|Any CPU.ActiveCfg = Debug|Any CPU
		{4192C11A-27AD-4E27-A5C3-1B9E10332880}.Debug|Any CPU.Build.0 = Debug|Any CPU
		{4192C11A-27AD-4E27-A5C3-1B9E10332880}.Release|Any CPU.ActiveCfg = Release|Any CPU
		{4192C11A-27AD-4E27-A5C3-1B9E10332880}.Release|Any CPU.Build.0 = Release|Any CPU
	EndGlobalSection
EndGlobal
